
Microsoft Visual Studio Solution File, Format Version 12.00
# Visual Studio Version 18
VisualStudioVersion = 18.1.11304.174
MinimumVisualStudioVersion = 10.0.40219.1
Project("{8BC9CEB8-8B4A-11D0-8D11-00A0C91BC942}") = "00-00", "00-00\00-00.vcxproj", "{9623DDC4-3D52-476D-98A7-285EC163184E}"
EndProject
Project("{8BC9CEB8-8B4A-11D0-8D11-00A0C91BC942}") = "01-01", "01-01\01-01.vcxproj", "{607CDECC-0985-43A4-8C5A-CD07E1C949DF}"
EndProject
Project("{8BC9CEB8-8B4A-11D0-8D11-00A0C91BC942}") = "01-02", "01-02\01-02.vcxproj", "{CEDE6EC5-4A38-4075-ABC7-A7FAE58ED4A1}"
EndProject
Project("{8BC9CEB8-8B4A-11D0-8D11-00A0C91BC942}") = "02-01", "02-01\02-01.vcxproj", "{833FFB1B-0BA2-4C43-9B89-44836782F057}"
EndProject
Project("{8BC9CEB8-8B4A-11D0-8D11-00A0C91BC942}") = "02-02", "02-02\02-02.vcxproj", "{981518D3-56DC-4A2A-990B-DD2FA9E612C6}"
EndProject
Project("{8BC9CEB8-8B4A-11D0-8D11-00A0C91BC942}") = "02-03", "02-03\02-03.vcxproj", "{5966B1CB-85D6-48B4-A115-0552414D391A}"
EndProject
Project("{8BC9CEB8-8B4A-11D0-8D11-00A0C91BC942}") = "02-04", "02-04\02-04.vcxproj", "{B2137E95-AB60-45C1-A881-0C9ED94B106E}"
EndProject
Project("{8BC9CEB8-8B4A-11D0-8D11-00A0C91BC942}") = "03-01", "03-01\03-01.vcxproj", "{B510F5C6-3F7B-460B-8BD3-C66E87FC218E}"
EndProject
Project("{8BC9CEB8-8B4A-11D0-8D11-00A0C91BC942}") = "03-02", "03-02\03-02.vcxproj", "{6C941082-3D23-40D5-AC50-886FC0C950C7}"
EndProject
Project("{8BC9CEB8-8B4A-11D0-8D11-00A0C91BC942}") = "03-03", "03-03\03-03.vcxproj", "{17078654-0FE7-4F47-B8A3-429A2349D24F}"
EndProject
Project("{8BC9CEB8-8B4A-11D0-8D11-00A0C91BC942}") = "03-04", "03-04\03-04.vcxproj", "{5EF0809D-DB70-48EA-8029-89B3D3D037AA}"
EndProject
Project("{8BC9CEB8-8B4A-11D0-8D11-00A0C91BC942}") = "04-01", "04-01\04-01.vcxproj", "{5016B71E-0C9E-4672-81D0-D22D2E8006E0}"
EndProject
Project("{8BC9CEB8-8B4A-11D0-8D11-00A0C91BC942}") = "05-01", "05-01\05-01.vcxproj", "{2175AE41-3542-46A0-9472-1615EAC143D4}"
EndProject
Project("{8BC9CEB8-8B4A-11D0-8D11-00A0C91BC942}") = "05-02", "05-02\05-02.vcxproj", "{A6519ADD-2E80-475D-8356-682D91347EBC}"
EndProject
Project("{8BC9CEB8-8B4A-11D0-8D11-00A0C91BC942}") = "06-01", "06-01\06-01.vcxproj", "{83E5CBAE-F75C-4B37-B61B-28F68AC189B2}"
EndProject
Project("{8BC9CEB8-8B4A-11D0-8D11-00A0C91BC942}") = "06-02", "06-02\06-02.vcxproj", "{E5930EB9-938F-44B4-B54B-90FBB284063F}"
EndProject
Project("{8BC9CEB8-8B4A-11D0-8D11-00A0C91BC942}") = "00-01", "00-01\00-01.vcxproj", "{C64D7C75-80DF-4E42-BF62-B1FD14E5D75B}"
EndProject
Global
	GlobalSection(SolutionConfigurationPlatforms) = preSolution
		Debug|x64 = Debug|x64
		Debug|x86 = Debug|x86
		Release|x64 = Release|x64
		Release|x86 = Release|x86
	EndGlobalSection
	GlobalSection(ProjectConfigurationPlatforms) = postSolution
		{9623DDC4-3D52-476D-98A7-285EC163184E}.Debug|x64.ActiveCfg = Debug|x64
		{9623DDC4-3D52-476D-98A7-285EC163184E}.Debug|x64.Build.0 = Debug|x64
		{9623DDC4-3D52-476D-98A7-285EC163184E}.Debug|x86.ActiveCfg = Debug|Win32
		{9623DDC4-3D52-476D-98A7-285EC163184E}.Debug|x86.Build.0 = Debug|Win32
		{9623DDC4-3D52-476D-98A7-285EC163184E}.Release|x64.ActiveCfg = Release|x64
		{9623DDC4-3D52-476D-98A7-285EC163184E}.Release|x64.Build.0 = Release|x64
		{9623DDC4-3D52-476D-98A7-285EC163184E}.Release|x86.ActiveCfg = Release|Win32
		{9623DDC4-3D52-476D-98A7-285EC163184E}.Release|x86.Build.0 = Release|Win32
		{607CDECC-0985-43A4-8C5A-CD07E1C949DF}.Debug|x64.ActiveCfg = Debug|x64
		{607CDECC-0985-43A4-8C5A-CD07E1C949DF}.Debug|x64.Build.0 = Debug|x64
		{607CDECC-0985-43A4-8C5A-CD07E1C949DF}.Debug|x86.ActiveCfg = Debug|Win32
		{607CDECC-0985-43A4-8C5A-CD07E1C949DF}.Debug|x86.Build.0 = Debug|Win32
		{607CDECC-0985-43A4-8C5A-CD07E1C949DF}.Release|x64.ActiveCfg = Release|x64
		{607CDECC-0985-43A4-8C5A-CD07E1C949DF}.Release|x64.Build.0 = Release|x64
		{607CDECC-0985-43A4-8C5A-CD07E1C949DF}.Release|x86.ActiveCfg = Release|Win32
		{607CDECC-0985-43A4-8C5A-CD07E1C949DF}.Release|x86.Build.0 = Release|Win32
		{CEDE6EC5-4A38-4075-ABC7-A7FAE58ED4A1}.Debug|x64.ActiveCfg = Debug|x64
		{CEDE6EC5-4A38-4075-ABC7-A7FAE58ED4A1}.Debug|x64.Build.0 = Debug|x64
		{CEDE6EC5-4A38-4075-ABC7-A7FAE58ED4A1}.Debug|x86.ActiveCfg = Debug|Win32
		{CEDE6EC5-4A38-4075-ABC7-A7FAE58ED4A1}.Debug|x86.Build.0 = Debug|Win32
		{CEDE6EC5-4A38-4075-ABC7-A7FAE58ED4A1}.Release|x64.ActiveCfg = Release|x64
		{CEDE6EC5-4A38-4075-ABC7-A7FAE58ED4A1}.Release|x64.Build.0 = Release|x64
		{CEDE6EC5-4A38-4075-ABC7-A7FAE58ED4A1}.Release|x86.ActiveCfg = Release|Win32
		{CEDE6EC5-4A38-4075-ABC7-A7FAE58ED4A1}.Release|x86.Build.0 = Release|Win32
		{833FFB1B-0BA2-4C43-9B89-44836782F057}.Debug|x64.ActiveCfg = Debug|x64
		{833FFB1B-0BA2-4C43-9B89-44836782F057}.Debug|x64.Build.0 = Debug|x64
		{833FFB1B-0BA2-4C43-9B89-44836782F057}.Debug|x86.ActiveCfg = Debug|Win32
		{833FFB1B-0BA2-4C43-9B89-44836782F057}.Debug|x86.Build.0 = Debug|Win32
		{833FFB1B-0BA2-4C43-9B89-44836782F057}.Release|x64.ActiveCfg = Release|x64
		{833FFB1B-0BA2-4C43-9B89-44836782F057}.Release|x64.Build.0 = Release|x64
		{833FFB1B-0BA2-4C43-9B89-44836782F057}.Release|x86.ActiveCfg = Release|Win32
		{833FFB1B-0BA2-4C43-9B89-44836782F057}.Release|x86.Build.0 = Release|Win32
		{981518D3-56DC-4A2A-990B-DD2FA9E612C6}.Debug|x64.ActiveCfg = Debug|x64
		{981518D3-56DC-4A2A-990B-DD2FA9E612C6}.Debug|x64.Build.0 = Debug|x64
		{981518D3-56DC-4A2A-990B-DD2FA9E612C6}.Debug|x86.ActiveCfg = Debug|Win32
		{981518D3-56DC-4A2A-990B-DD2FA9E612C6}.Debug|x86.Build.0 = Debug|Win32
		{981518D3-56DC-4A2A-990B-DD2FA9E612C6}.Release|x64.ActiveCfg = Release|x64
		{981518D3-56DC-4A2A-990B-DD2FA9E612C6}.Release|x64.Build.0 = Release|x64
		{981518D3-56DC-4A2A-990B-DD2FA9E612C6}.Release|x86.ActiveCfg = Release|Win32
		{981518D3-56DC-4A2A-990B-DD2FA9E612C6}.Release|x86.Build.0 = Release|Win32
		{5966B1CB-85D6-48B4-A115-0552414D391A}.Debug|x64.ActiveCfg = Debug|x64
		{5966B1CB-85D6-48B4-A115-0552414D391A}.Debug|x64.Build.0 = Debug|x64
		{5966B1CB-85D6-48B4-A115-0552414D391A}.Debug|x86.ActiveCfg = Debug|Win32
		{5966B1CB-85D6-48B4-A115-0552414D391A}.Debug|x86.Build.0 = Debug|Win32
		{5966B1CB-85D6-48B4-A115-0552414D391A}.Release|x64.ActiveCfg = Release|x64
		{5966B1CB-85D6-48B4-A115-0552414D391A}.Release|x64.Build.0 = Release|x64
		{5966B1CB-85D6-48B4-A115-0552414D391A}.Release|x86.ActiveCfg = Release|Win32
		{5966B1CB-85D6-48B4-A115-0552414D391A}.Release|x86.Build.0 = Release|Win32
		{B2137E95-AB60-45C1-A881-0C9ED94B106E}.Debug|x64.ActiveCfg = Debug|x64
		{B2137E95-AB60-45C1-A881-0C9ED94B106E}.Debug|x64.Build.0 = Debug|x64
		{B2137E95-AB60-45C1-A881-0C9ED94B106E}.Debug|x86.ActiveCfg = Debug|Win32
		{B2137E95-AB60-45C1-A881-0C9ED94B106E}.Debug|x86.Build.0 = Debug|Win32
		{B2137E95-AB60-45C1-A881-0C9ED94B106E}.Release|x64.ActiveCfg = Release|x64
		{B2137E95-AB60-45C1-A881-0C9ED94B106E}.Release|x64.Build.0 = Release|x64
		{B2137E95-AB60-45C1-A881-0C9ED94B106E}.Release|x86.ActiveCfg = Release|Win32
		{B2137E95-AB60-45C1-A881-0C9ED94B106E}.Release|x86.Build.0 = Release|Win32
		{B510F5C6-3F7B-460B-8BD3-C66E87FC218E}.Debug|x64.ActiveCfg = Debug|x64
		{B510F5C6-3F7B-460B-8BD3-C66E87FC218E}.Debug|x64.Build.0 = Debug|x64
		{B510F5C6-3F7B-460B-8BD3-C66E87FC218E}.Debug|x86.ActiveCfg = Debug|Win32
		{B510F5C6-3F7B-460B-8BD3-C66E87FC218E}.Debug|x86.Build.0 = Debug|Win32
		{B510F5C6-3F7B-460B-8BD3-C66E87FC218E}.Release|x64.ActiveCfg = Release|x64
		{B510F5C6-3F7B-460B-8BD3-C66E87FC218E}.Release|x64.Build.0 = Release|x64
		{B510F5C6-3F7B-460B-8BD3-C66E87FC218E}.Release|x86.ActiveCfg = Release|Win32
		{B510F5C6-3F7B-460B-8BD3-C66E87FC218E}.Release|x86.Build.0 = Release|Win32
		{6C941082-3D23-40D5-AC50-886FC0C950C7}.Debug|x64.ActiveCfg = Debug|x64
		{6C941082-3D23-40D5-AC50-886FC0C950C7}.Debug|x64.Build.0 = Debug|x64
		{6C941082-3D23-40D5-AC50-886FC0C950C7}.Debug|x86.ActiveCfg = Debug|Win32
		{6C941082-3D23-40D5-AC50-886FC0C950C7}.Debug|x86.Build.0 = Debug|Win32
		{6C941082-3D23-40D5-AC50-886FC0C950C7}.Release|x64.ActiveCfg = Release|x64
		{6C941082-3D23-40D5-AC50-886FC0C950C7}.Release|x64.Build.0 = Release|x64
		{6C941082-3D23-40D5-AC50-886FC0C950C7}.Release|x86.ActiveCfg = Release|Win32
		{6C941082-3D23-40D5-AC50-886FC0C950C7}.Release|x86.Build.0 = Release|Win32
		{17078654-0FE7-4F47-B8A3-429A2349D24F}.Debug|x64.ActiveCfg = Debug|x64
		{17078654-0FE7-4F47-B8A3-429A2349D24F}.Debug|x64.Build.0 = Debug|x64
		{17078654-0FE7-4F47-B8A3-429A2349D24F}.Debug|x86.ActiveCfg = Debug|Win32
		{17078654-0FE7-4F47-B8A3-429A2349D24F}.Debug|x86.Build.0 = Debug|Win32
		{17078654-0FE7-4F47-B8A3-429A2349D24F}.Release|x64.ActiveCfg = Release|x64
		{17078654-0FE7-4F47-B8A3-429A2349D24F}.Release|x64.Build.0 = Release|x64
		{17078654-0FE7-4F47-B8A3-429A2349D24F}.Release|x86.ActiveCfg = Release|Win32
		{17078654-0FE7-4F47-B8A3-429A2349D24F}.Release|x86.Build.0 = Release|Win32
		{5EF0809D-DB70-48EA-8029-89B3D3D037AA}.Debug|x64.ActiveCfg = Debug|x64
		{5EF0809D-DB70-48EA-8029-89B3D3D037AA}.Debug|x64.Build.0 = Debug|x64
		{5EF0809D-DB70-48EA-8029-89B3D3D037AA}.Debug|x86.ActiveCfg = Debug|Win32
		{5EF0809D-DB70-48EA-8029-89B3D3D037AA}.Debug|x86.Build.0 = Debug|Win32
		{5EF0809D-DB70-48EA-8029-89B3D3D037AA}.Release|x64.ActiveCfg = Release|x64
		{5EF0809D-DB70-48EA-8029-89B3D3D037AA}.Release|x64.Build.0 = Release|x64
		{5EF0809D-DB70-48EA-8029-89B3D3D037AA}.Release|x86.ActiveCfg = Release|Win32
		{5EF0809D-DB70-48EA-8029-89B3D3D037AA}.Release|x86.Build.0 = Release|Win32
		{5016B71E-0C9E-4672-81D0-D22D2E8006E0}.Debug|x64.ActiveCfg = Debug|x64
		{5016B71E-0C9E-4672-81D0-D22D2E8006E0}.Debug|x64.Build.0 = Debug|x64
		{5016B71E-0C9E-4672-81D0-D22D2E8006E0}.Debug|x86.ActiveCfg = Debug|x64
		{5016B71E-0C9E-4672-81D0-D22D2E8006E0}.Debug|x86.Build.0 = Debug|x64
		{5016B71E-0C9E-4672-81D0-D22D2E8006E0}.Release|x64.ActiveCfg = Release|x64
		{5016B71E-0C9E-4672-81D0-D22D2E8006E0}.Release|x64.Build.0 = Release|x64
		{5016B71E-0C9E-4672-81D0-D22D2E8006E0}.Release|x86.ActiveCfg = Release|x64
		{5016B71E-0C9E-4672-81D0-D22D2E8006E0}.Release|x86.Build.0 = Release|x64
		{2175AE41-3542-46A0-9472-1615EAC143D4}.Debug|x64.ActiveCfg = Debug|x64
		{2175AE41-3542-46A0-9472-1615EAC143D4}.Debug|x64.Build.0 = Debug|x64
		{2175AE41-3542-46A0-9472-1615EAC143D4}.Debug|x86.ActiveCfg = Debug|x64
		{2175AE41-3542-46A0-9472-1615EAC143D4}.Debug|x86.Build.0 = Debug|x64
		{2175AE41-3542-46A0-9472-1615EAC143D4}.Release|x64.ActiveCfg = Release|x64
		{2175AE41-3542-46A0-9472-1615EAC143D4}.Release|x64.Build.0 = Release|x64
		{2175AE41-3542-46A0-9472-1615EAC143D4}.Release|x86.ActiveCfg = Release|x64
		{2175AE41-3542-46A0-9472-1615EAC143D4}.Release|x86.Build.0 = Release|x64
		{A6519ADD-2E80-475D-8356-682D91347EBC}.Debug|x64.ActiveCfg = Debug|x64
		{A6519ADD-2E80-475D-8356-682D91347EBC}.Debug|x64.Build.0 = Debug|x64
		{A6519ADD-2E80-475D-8356-682D91347EBC}.Debug|x86.ActiveCfg = Debug|x64
		{A6519ADD-2E80-475D-8356-682D91347EBC}.Debug|x86.Build.0 = Debug|x64
		{A6519ADD-2E80-475D-8356-682D91347EBC}.Release|x64.ActiveCfg = Release|x64
		{A6519ADD-2E80-475D-8356-682D91347EBC}.Release|x64.Build.0 = Release|x64
		{A6519ADD-2E80-475D-8356-682D91347EBC}.Release|x86.ActiveCfg = Release|x64
		{A6519ADD-2E80-475D-8356-682D91347EBC}.Release|x86.Build.0 = Release|x64
		{83E5CBAE-F75C-4B37-B61B-28F68AC189B2}.Debug|x64.ActiveCfg = Debug|x64
		{83E5CBAE-F75C-4B37-B61B-28F68AC189B2}.Debug|x64.Build.0 = Debug|x64
		{83E5CBAE-F75C-4B37-B61B-28F68AC189B2}.Debug|x86.ActiveCfg = Debug|Win32
		{83E5CBAE-F75C-4B37-B61B-28F68AC189B2}.Debug|x86.Build.0 = Debug|Win32
		{83E5CBAE-F75C-4B37-B61B-28F68AC189B2}.Release|x64.ActiveCfg = Release|x64
		{83E5CBAE-F75C-4B37-B61B-28F68AC189B2}.Release|x64.Build.0 = Release|x64
		{83E5CBAE-F75C-4B37-B61B-28F68AC189B2}.Release|x86.ActiveCfg = Release|Win32
		{83E5CBAE-F75C-4B37-B61B-28F68AC189B2}.Release|x86.Build.0 = Release|Win32
		{E5930EB9-938F-44B4-B54B-90FBB284063F}.Debug|x64.ActiveCfg = Debug|x64
		{E5930EB9-938F-44B4-B54B-90FBB284063F}.Debug|x64.Build.0 = Debug|x64
		{E5930EB9-938F-44B4-B54B-90FBB284063F}.Debug|x86.ActiveCfg = Debug|x64
		{E5930EB9-938F-44B4-B54B-90FBB284063F}.Debug|x86.Build.0 = Debug|x64
		{E5930EB9-938F-44B4-B54B-90FBB284063F}.Release|x64.ActiveCfg = Release|x64
		{E5930EB9-938F-44B4-B54B-90FBB284063F}.Release|x64.Build.0 = Release|x64
		{E5930EB9-938F-44B4-B54B-90FBB284063F}.Release|x86.ActiveCfg = Release|x64
		{E5930EB9-938F-44B4-B54B-90FBB284063F}.Release|x86.Build.0 = Release|x64
		{C64D7C75-80DF-4E42-BF62-B1FD14E5D75B}.Debug|x64.ActiveCfg = Debug|x64
		{C64D7C75-80DF-4E42-BF62-B1FD14E5D75B}.Debug|x64.Build.0 = Debug|x64
		{C64D7C75-80DF-4E42-BF62-B1FD14E5D75B}.Debug|x86.ActiveCfg = Debug|Win32
		{C64D7C75-80DF-4E42-BF62-B1FD14E5D75B}.Debug|x86.Build.0 = Debug|Win32
		{C64D7C75-80DF-4E42-BF62-B1FD14E5D75B}.Release|x64.ActiveCfg = Release|x64
		{C64D7C75-80DF-4E42-BF62-B1FD14E5D75B}.Release|x64.Build.0 = Release|x64
		{C64D7C75-80DF-4E42-BF62-B1FD14E5D75B}.Release|x86.ActiveCfg = Release|Win32
		{C64D7C75-80DF-4E42-BF62-B1FD14E5D75B}.Release|x86.Build.0 = Release|Win32
	EndGlobalSection
	GlobalSection(SolutionProperties) = preSolution
		HideSolutionNode = FALSE
	EndGlobalSection
	GlobalSection(ExtensibilityGlobals) = postSolution
		SolutionGuid = {9FB75B52-0839-489B-BCA2-3CB6169D330E}
	EndGlobalSection
EndGlobal
